
Microsoft Visual Studio Solution File, Format Version 12.00
# Visual Studio 15
VisualStudioVersion = 15.0.28010.2046
MinimumVisualStudioVersion = 10.0.40219.1
Project("{FAE04EC0-301F-11D3-BF4B-00C04F79EFBC}") = "MyContactList", "MyContactList\MyContactList\MyContactList.csproj", "{2C744851-8FD8-4A40-950C-72BF7E5813E1}"
EndProject
Project("{FAE04EC0-301F-11D3-BF4B-00C04F79EFBC}") = "MyContactList.Android", "MyContactList\MyContactList.Android\MyContactList.Android.csproj", "{35B25A04-77C4-44A3-8FDD-DB0A7E700600}"
EndProject
Project("{FAE04EC0-301F-11D3-BF4B-00C04F79EFBC}") = "MyContactList.iOS", "MyContactList\MyContactList.iOS\MyContactList.iOS.csproj", "{48FDB842-C16B-4C81-BFAD-5CBAE8CA7C40}"
EndProject
Global
	GlobalSection(SolutionConfigurationPlatforms) = preSolution
		Ad-Hoc|Any CPU = Ad-Hoc|Any CPU
		Ad-Hoc|iPhone = Ad-Hoc|iPhone
		Ad-Hoc|iPhoneSimulator = Ad-Hoc|iPhoneSimulator
		AppStore|Any CPU = AppStore|Any CPU
		AppStore|iPhone = AppStore|iPhone
		AppStore|iPhoneSimulator = AppStore|iPhoneSimulator
		Debug|Any CPU = Debug|Any CPU
		Debug|iPhone = Debug|iPhone
		Debug|iPhoneSimulator = Debug|iPhoneSimulator
		Release|Any CPU = Release|Any CPU
		Release|iPhone = Release|iPhone
		Release|iPhoneSimulator = Release|iPhoneSimulator
	EndGlobalSection
	GlobalSection(ProjectConfigurationPlatforms) = postSolution
		{2C744851-8FD8-4A40-950C-72BF7E5813E1}.Ad-Hoc|Any CPU.ActiveCfg = Debug|Any CPU
		{2C744851-8FD8-4A40-950C-72BF7E5813E1}.Ad-Hoc|Any CPU.Build.0 = Debug|Any CPU
		{2C744851-8FD8-4A40-950C-72BF7E5813E1}.Ad-Hoc|iPhone.ActiveCfg = Debug|Any CPU
		{2C744851-8FD8-4A40-950C-72BF7E5813E1}.Ad-Hoc|iPhone.Build.0 = Debug|Any CPU
		{2C744851-8FD8-4A40-950C-72BF7E5813E1}.Ad-Hoc|iPhoneSimulator.ActiveCfg = Debug|Any CPU
		{2C744851-8FD8-4A40-950C-72BF7E5813E1}.Ad-Hoc|iPhoneSimulator.Build.0 = Debug|Any CPU
		{2C744851-8FD8-4A40-950C-72BF7E5813E1}.AppStore|Any CPU.ActiveCfg = Debug|Any CPU
		{2C744851-8FD8-4A40-950C-72BF7E5813E1}.AppStore|Any CPU.Build.0 = Debug|Any CPU
		{2C744851-8FD8-4A40-950C-72BF7E5813E1}.AppStore|iPhone.ActiveCfg = Debug|Any CPU
		{2C744851-8FD8-4A40-950C-72BF7E5813E1}.AppStore|iPhone.Build.0 = Debug|Any CPU
		{2C744851-8FD8-4A40-950C-72BF7E5813E1}.AppStore|iPhoneSimulator.ActiveCfg = Debug|Any CPU
		{2C744851-8FD8-4A40-950C-72BF7E5813E1}.AppStore|iPhoneSimulator.Build.0 = Debug|Any CPU
		{2C744851-8FD8-4A40-950C-72BF7E5813E1}.Debug|Any CPU.ActiveCfg = Debug|Any CPU
		{2C744851-8FD8-4A40-950C-72BF7E5813E1}.Debug|Any CPU.Build.0 = Debug|Any CPU
		{2C744851-8FD8-4A40-950C-72BF7E5813E1}.Debug|iPhone.ActiveCfg = Debug|Any CPU
		{2C744851-8FD8-4A40-950C-72BF7E5813E1}.Debug|iPhone.Build.0 = Debug|Any CPU
		{2C744851-8FD8-4A40-950C-72BF7E5813E1}.Debug|iPhoneSimulator.ActiveCfg = Debug|Any CPU
		{2C744851-8FD8-4A40-950C-72BF7E5813E1}.Debug|iPhoneSimulator.Build.0 = Debug|Any CPU
		{2C744851-8FD8-4A40-950C-72BF7E5813E1}.Release|Any CPU.ActiveCfg = Release|Any CPU
		{2C744851-8FD8-4A40-950C-72BF7E5813E1}.Release|Any CPU.Build.0 = Release|Any CPU
		{2C744851-8FD8-4A40-950C-72BF7E5813E1}.Release|iPhone.ActiveCfg = Release|Any CPU
		{2C744851-8FD8-4A40-950C-72BF7E5813E1}.Release|iPhone.Build.0 = Release|Any CPU
		{2C744851-8FD8-4A40-950C-72BF7E5813E1}.Release|iPhoneSimulator.ActiveCfg = Release|Any CPU
		{2C744851-8FD8-4A40-950C-72BF7E5813E1}.Release|iPhoneSimulator.Build.0 = Release|Any CPU
		{35B25A04-77C4-44A3-8FDD-DB0A7E700600}.Ad-Hoc|Any CPU.ActiveCfg = Release|Any CPU
		{35B25A04-77C4-44A3-8FDD-DB0A7E700600}.Ad-Hoc|Any CPU.Build.0 = Release|Any CPU
		{35B25A04-77C4-44A3-8FDD-DB0A7E700600}.Ad-Hoc|Any CPU.Deploy.0 = Release|Any CPU
		{35B25A04-77C4-44A3-8FDD-DB0A7E700600}.Ad-Hoc|iPhone.ActiveCfg = Release|Any CPU
		{35B25A04-77C4-44A3-8FDD-DB0A7E700600}.Ad-Hoc|iPhone.Build.0 = Release|Any CPU
		{35B25A04-77C4-44A3-8FDD-DB0A7E700600}.Ad-Hoc|iPhone.Deploy.0 = Release|Any CPU
		{35B25A04-77C4-44A3-8FDD-DB0A7E700600}.Ad-Hoc|iPhoneSimulator.ActiveCfg = Release|Any CPU
		{35B25A04-77C4-44A3-8FDD-DB0A7E700600}.Ad-Hoc|iPhoneSimulator.Build.0 = Release|Any CPU
		{35B25A04-77C4-44A3-8FDD-DB0A7E700600}.Ad-Hoc|iPhoneSimulator.Deploy.0 = Release|Any CPU
		{35B25A04-77C4-44A3-8FDD-DB0A7E700600}.AppStore|Any CPU.ActiveCfg = Release|Any CPU
		{35B25A04-77C4-44A3-8FDD-DB0A7E700600}.AppStore|Any CPU.Build.0 = Release|Any CPU
		{35B25A04-77C4-44A3-8FDD-DB0A7E700600}.AppStore|Any CPU.Deploy.0 = Release|Any CPU
		{35B25A04-77C4-44A3-8FDD-DB0A7E700600}.AppStore|iPhone.ActiveCfg = Release|Any CPU
		{35B25A04-77C4-44A3-8FDD-DB0A7E700600}.AppStore|iPhone.Build.0 = Release|Any CPU
		{35B25A04-77C4-44A3-8FDD-DB0A7E700600}.AppStore|iPhone.Deploy.0 = Release|Any CPU
		{35B25A04-77C4-44A3-8FDD-DB0A7E700600}.AppStore|iPhoneSimulator.ActiveCfg = Release|Any CPU
		{35B25A04-77C4-44A3-8FDD-DB0A7E700600}.AppStore|iPhoneSimulator.Build.0 = Release|Any CPU
		{35B25A04-77C4-44A3-8FDD-DB0A7E700600}.AppStore|iPhoneSimulator.Deploy.0 = Release|Any CPU
		{35B25A04-77C4-44A3-8FDD-DB0A7E700600}.Debug|Any CPU.ActiveCfg = Debug|Any CPU
		{35B25A04-77C4-44A3-8FDD-DB0A7E700600}.Debug|Any CPU.Build.0 = Debug|Any CPU
		{35B25A04-77C4-44A3-8FDD-DB0A7E700600}.Debug|Any CPU.Deploy.0 = Debug|Any CPU
		{35B25A04-77C4-44A3-8FDD-DB0A7E700600}.Debug|iPhone.ActiveCfg = Debug|Any CPU
		{35B25A04-77C4-44A3-8FDD-DB0A7E700600}.Debug|iPhone.Build.0 = Debug|Any CPU
		{35B25A04-77C4-44A3-8FDD-DB0A7E700600}.Debug|iPhone.Deploy.0 = Debug|Any CPU
		{35B25A04-77C4-44A3-8FDD-DB0A7E700600}.Debug|iPhoneSimulator.ActiveCfg = Debug|Any CPU
		{35B25A04-77C4-44A3-8FDD-DB0A7E700600}.Debug|iPhoneSimulator.Build.0 = Debug|Any CPU
		{35B25A04-77C4-44A3-8FDD-DB0A7E700600}.Debug|iPhoneSimulator.Deploy.0 = Debug|Any CPU
		{35B25A04-77C4-44A3-8FDD-DB0A7E700600}.Release|Any CPU.ActiveCfg = Release|Any CPU
		{35B25A04-77C4-44A3-8FDD-DB0A7E700600}.Release|Any CPU.Build.0 = Release|Any CPU
		{35B25A04-77C4-44A3-8FDD-DB0A7E700600}.Release|Any CPU.Deploy.0 = Release|Any CPU
		{35B25A04-77C4-44A3-8FDD-DB0A7E700600}.Release|iPhone.ActiveCfg = Release|Any CPU
		{35B25A04-77C4-44A3-8FDD-DB0A7E700600}.Release|iPhone.Build.0 = Release|Any CPU
		{35B25A04-77C4-44A3-8FDD-DB0A7E700600}.Release|iPhone.Deploy.0 = Release|Any CPU
		{35B25A04-77C4-44A3-8FDD-DB0A7E700600}.Release|iPhoneSimulator.ActiveCfg = Release|Any CPU
		{35B25A04-77C4-44A3-8FDD-DB0A7E700600}.Release|iPhoneSimulator.Build.0 = Release|Any CPU
		{35B25A04-77C4-44A3-8FDD-DB0A7E700600}.Release|iPhoneSimulator.Deploy.0 = Release|Any CPU
		{48FDB842-C16B-4C81-BFAD-5CBAE8CA7C40}.Ad-Hoc|Any CPU.ActiveCfg = Ad-Hoc|iPhone
		{48FDB842-C16B-4C81-BFAD-5CBAE8CA7C40}.Ad-Hoc|iPhone.ActiveCfg = Ad-Hoc|iPhone
		{48FDB842-C16B-4C81-BFAD-5CBAE8CA7C40}.Ad-Hoc|iPhone.Build.0 = Ad-Hoc|iPhone
		{48FDB842-C16B-4C81-BFAD-5CBAE8CA7C40}.Ad-Hoc|iPhoneSimulator.ActiveCfg = Ad-Hoc|iPhoneSimulator
		{48FDB842-C16B-4C81-BFAD-5CBAE8CA7C40}.Ad-Hoc|iPhoneSimulator.Build.0 = Ad-Hoc|iPhoneSimulator
		{48FDB842-C16B-4C81-BFAD-5CBAE8CA7C40}.AppStore|Any CPU.ActiveCfg = AppStore|iPhone
		{48FDB842-C16B-4C81-BFAD-5CBAE8CA7C40}.AppStore|iPhone.ActiveCfg = AppStore|iPhone
		{48FDB842-C16B-4C81-BFAD-5CBAE8CA7C40}.AppStore|iPhone.Build.0 = AppStore|iPhone
		{48FDB842-C16B-4C81-BFAD-5CBAE8CA7C40}.AppStore|iPhoneSimulator.ActiveCfg = AppStore|iPhoneSimulator
		{48FDB842-C16B-4C81-BFAD-5CBAE8CA7C40}.AppStore|iPhoneSimulator.Build.0 = AppStore|iPhoneSimulator
		{48FDB842-C16B-4C81-BFAD-5CBAE8CA7C40}.Debug|Any CPU.ActiveCfg = Debug|iPhone
		{48FDB842-C16B-4C81-BFAD-5CBAE8CA7C40}.Debug|iPhone.ActiveCfg = Debug|iPhone
		{48FDB842-C16B-4C81-BFAD-5CBAE8CA7C40}.Debug|iPhone.Build.0 = Debug|iPhone
		{48FDB842-C16B-4C81-BFAD-5CBAE8CA7C40}.Debug|iPhoneSimulator.ActiveCfg = Debug|iPhoneSimulator
		{48FDB842-C16B-4C81-BFAD-5CBAE8CA7C40}.Debug|iPhoneSimulator.Build.0 = Debug|iPhoneSimulator
		{48FDB842-C16B-4C81-BFAD-5CBAE8CA7C40}.Release|Any CPU.ActiveCfg = Release|iPhone
		{48FDB842-C16B-4C81-BFAD-5CBAE8CA7C40}.Release|iPhone.ActiveCfg = Release|iPhone
		{48FDB842-C16B-4C81-BFAD-5CBAE8CA7C40}.Release|iPhone.Build.0 = Release|iPhone
		{48FDB842-C16B-4C81-BFAD-5CBAE8CA7C40}.Release|iPhoneSimulator.ActiveCfg = Release|iPhoneSimulator
		{48FDB842-C16B-4C81-BFAD-5CBAE8CA7C40}.Release|iPhoneSimulator.Build.0 = Release|iPhoneSimulator
	EndGlobalSection
	GlobalSection(SolutionProperties) = preSolution
		HideSolutionNode = FALSE
	EndGlobalSection
	GlobalSection(ExtensibilityGlobals) = postSolution
		SolutionGuid = {92C0D655-8703-4029-82CC-51646A708FF2}
	EndGlobalSection
EndGlobal
